// !$*UTF8*$!
{
	archiveVersion = 1;
	classes = {
	};
	objectVersion = 56;
	objects = {

/* Begin PBXBuildFile section */
		6A99AD2C2B9FB54E00C9CFC7 /* AppDelegate.swift in Sources */ = {isa = PBXBuildFile; fileRef = 6A99AD2B2B9FB54E00C9CFC7 /* AppDelegate.swift */; };
		6A99AD2E2B9FB54E00C9CFC7 /* SceneDelegate.swift in Sources */ = {isa = PBXBuildFile; fileRef = 6A99AD2D2B9FB54E00C9CFC7 /* SceneDelegate.swift */; };
		6A99AD302B9FB54E00C9CFC7 /* ViewController.swift in Sources */ = {isa = PBXBuildFile; fileRef = 6A99AD2F2B9FB54E00C9CFC7 /* ViewController.swift */; };
		6A99AD332B9FB54E00C9CFC7 /* Base in Resources */ = {isa = PBXBuildFile; fileRef = 6A99AD322B9FB54E00C9CFC7 /* Base */; };
		6A99AD352B9FB55000C9CFC7 /* Assets.xcassets in Resources */ = {isa = PBXBuildFile; fileRef = 6A99AD342B9FB55000C9CFC7 /* Assets.xcassets */; };
		6A99AD382B9FB55000C9CFC7 /* Base in Resources */ = {isa = PBXBuildFile; fileRef = 6A99AD372B9FB55000C9CFC7 /* Base */; };
		6A99AD412B9FBDB900C9CFC7 /* MovieTableViewCell.swift in Sources */ = {isa = PBXBuildFile; fileRef = 6A99AD3F2B9FBDB900C9CFC7 /* MovieTableViewCell.swift */; };
		6A99AD422B9FBDB900C9CFC7 /* MovieTableViewCell.xib in Resources */ = {isa = PBXBuildFile; fileRef = 6A99AD402B9FBDB900C9CFC7 /* MovieTableViewCell.xib */; };
/* End PBXBuildFile section */

/* Begin PBXFileReference section */
		6A99AD282B9FB54E00C9CFC7 /* Movie Searcher.app */ = {isa = PBXFileReference; explicitFileType = wrapper.application; includeInIndex = 0; path = "Movie Searcher.app"; sourceTree = BUILT_PRODUCTS_DIR; };
		6A99AD2B2B9FB54E00C9CFC7 /* AppDelegate.swift */ = {isa = PBXFileReference; lastKnownFileType = sourcecode.swift; path = AppDelegate.swift; sourceTree = "<group>"; };
		6A99AD2D2B9FB54E00C9CFC7 /* SceneDelegate.swift */ = {isa = PBXFileReference; lastKnownFileType = sourcecode.swift; path = SceneDelegate.swift; sourceTree = "<group>"; };
		6A99AD2F2B9FB54E00C9CFC7 /* ViewController.swift */ = {isa = PBXFileReference; lastKnownFileType = sourcecode.swift; path = ViewController.swift; sourceTree = "<group>"; };
		6A99AD322B9FB54E00C9CFC7 /* Base */ = {isa = PBXFileReference; lastKnownFileType = file.storyboard; name = Base; path = Base.lproj/Main.storyboard; sourceTree = "<group>"; };
		6A99AD342B9FB55000C9CFC7 /* Assets.xcassets */ = {isa = PBXFileReference; lastKnownFileType = folder.assetcatalog; path = Assets.xcassets; sourceTree = "<group>"; };
		6A99AD372B9FB55000C9CFC7 /* Base */ = {isa = PBXFileReference; lastKnownFileType = file.storyboard; name = Base; path = Base.lproj/LaunchScreen.storyboard; sourceTree = "<group>"; };
		6A99AD392B9FB55000C9CFC7 /* Info.plist */ = {isa = PBXFileReference; lastKnownFileType = text.plist.xml; path = Info.plist; sourceTree = "<group>"; };
		6A99AD3F2B9FBDB900C9CFC7 /* MovieTableViewCell.swift */ = {isa = PBXFileReference; lastKnownFileType = sourcecode.swift; path = MovieTableViewCell.swift; sourceTree = "<group>"; };
		6A99AD402B9FBDB900C9CFC7 /* MovieTableViewCell.xib */ = {isa = PBXFileReference; lastKnownFileType = file.xib; path = MovieTableViewCell.xib; sourceTree = "<group>"; };
/* End PBXFileReference section */

/* Begin PBXFrameworksBuildPhase section */
		6A99AD252B9FB54E00C9CFC7 /* Frameworks */ = {
			isa = PBXFrameworksBuildPhase;
			buildActionMask = 2147483647;
			files = (
			);
			runOnlyForDeploymentPostprocessing = 0;
		};
/* End PBXFrameworksBuildPhase section */

/* Begin PBXGroup section */
		6A99AD1F2B9FB54E00C9CFC7 = {
			isa = PBXGroup;
			children = (
				6A99AD2A2B9FB54E00C9CFC7 /* Movie Searcher */,
				6A99AD292B9FB54E00C9CFC7 /* Products */,
			);
			sourceTree = "<group>";
		};
		6A99AD292B9FB54E00C9CFC7 /* Products */ = {
			isa = PBXGroup;
			children = (
				6A99AD282B9FB54E00C9CFC7 /* Movie Searcher.app */,
			);
			name = Products;
			sourceTree = "<group>";
		};
		6A99AD2A2B9FB54E00C9CFC7 /* Movie Searcher */ = {
			isa = PBXGroup;
			children = (
				6A99AD2B2B9FB54E00C9CFC7 /* AppDelegate.swift */,
				6A99AD2D2B9FB54E00C9CFC7 /* SceneDelegate.swift */,
				6A99AD2F2B9FB54E00C9CFC7 /* ViewController.swift */,
				6A99AD312B9FB54E00C9CFC7 /* Main.storyboard */,
				6A99AD342B9FB55000C9CFC7 /* Assets.xcassets */,
				6A99AD362B9FB55000C9CFC7 /* LaunchScreen.storyboard */,
				6A99AD392B9FB55000C9CFC7 /* Info.plist */,
				6A99AD3F2B9FBDB900C9CFC7 /* MovieTableViewCell.swift */,
				6A99AD402B9FBDB900C9CFC7 /* MovieTableViewCell.xib */,
			);
			path = "Movie Searcher";
			sourceTree = "<group>";
		};
/* End PBXGroup section */

/* Begin PBXNativeTarget section */
		6A99AD272B9FB54E00C9CFC7 /* Movie Searcher */ = {
			isa = PBXNativeTarget;
			buildConfigurationList = 6A99AD3C2B9FB55000C9CFC7 /* Build configuration list for PBXNativeTarget "Movie Searcher" */;
			buildPhases = (
				6A99AD242B9FB54E00C9CFC7 /* Sources */,
				6A99AD252B9FB54E00C9CFC7 /* Frameworks */,
				6A99AD262B9FB54E00C9CFC7 /* Resources */,
			);
			buildRules = (
			);
			dependencies = (
			);
			name = "Movie Searcher";
			productName = "Movie Searcher";
			productReference = 6A99AD282B9FB54E00C9CFC7 /* Movie Searcher.app */;
			productType = "com.apple.product-type.application";
		};
/* End PBXNativeTarget section */

/* Begin PBXProject section */
		6A99AD202B9FB54E00C9CFC7 /* Project object */ = {
			isa = PBXProject;
			attributes = {
				BuildIndependentTargetsInParallel = 1;
				LastSwiftUpdateCheck = 1530;
				LastUpgradeCheck = 1530;
				TargetAttributes = {
					6A99AD272B9FB54E00C9CFC7 = {
						CreatedOnToolsVersion = 15.3;
					};
				};
			};
			buildConfigurationList = 6A99AD232B9FB54E00C9CFC7 /* Build configuration list for PBXProject "Movie Searcher" */;
			compatibilityVersion = "Xcode 14.0";
			developmentRegion = en;
			hasScannedForEncodings = 0;
			knownRegions = (
				en,
				Base,
			);
			mainGroup = 6A99AD1F2B9FB54E00C9CFC7;
			productRefGroup = 6A99AD292B9FB54E00C9CFC7 /* Products */;
			projectDirPath = "";
			projectRoot = "";
			targets = (
				6A99AD272B9FB54E00C9CFC7 /* Movie Searcher */,
			);
		};
/* End PBXProject section */

/* Begin PBXResourcesBuildPhase section */
		6A99AD262B9FB54E00C9CFC7 /* Resources */ = {
			isa = PBXResourcesBuildPhase;
			buildActionMask = 2147483647;
			files = (
				6A99AD352B9FB55000C9CFC7 /* Assets.xcassets in Resources */,
				6A99AD382B9FB55000C9CFC7 /* Base in Resources */,
				6A99AD422B9FBDB900C9CFC7 /* MovieTableViewCell.xib in Resources */,
				6A99AD332B9FB54E00C9CFC7 /* Base in Resources */,
			);
			runOnlyForDeploymentPostprocessing = 0;
		};
/* End PBXResourcesBuildPhase section */

/* Begin PBXSourcesBuildPhase section */
		6A99AD242B9FB54E00C9CFC7 /* Sources */ = {
			isa = PBXSourcesBuildPhase;
			buildActionMask = 2147483647;
			files = (
				6A99AD302B9FB54E00C9CFC7 /* ViewController.swift in Sources */,
				6A99AD2C2B9FB54E00C9CFC7 /* AppDelegate.swift in Sources */,
				6A99AD412B9FBDB900C9CFC7 /* MovieTableViewCell.swift in Sources */,
				6A99AD2E2B9FB54E00C9CFC7 /* SceneDelegate.swift in Sources */,
			);
			runOnlyForDeploymentPostprocessing = 0;
		};
/* End PBXSourcesBuildPhase section */

/* Begin PBXVariantGroup section */
		6A99AD312B9FB54E00C9CFC7 /* Main.storyboard */ = {
			isa = PBXVariantGroup;
			children = (
				6A99AD322B9FB54E00C9CFC7 /* Base */,
			);
			name = Main.storyboard;
			sourceTree = "<group>";
		};
		6A99AD362B9FB55000C9CFC7 /* LaunchScreen.storyboard */ = {
			isa = PBXVariantGroup;
			children = (
				6A99AD372B9FB55000C9CFC7 /* Base */,
			);
			name = LaunchScreen.storyboard;
			sourceTree = "<group>";
		};
/* End PBXVariantGroup section */

/* Begin XCBuildConfiguration section */
		6A99AD3A2B9FB55000C9CFC7 /* Debug */ = {
			isa = XCBuildConfiguration;
			buildSettings = {
				ALWAYS_SEARCH_USER_PATHS = NO;
				ASSETCATALOG_COMPILER_GENERATE_SWIFT_ASSET_SYMBOL_EXTENSIONS = YES;
				CLANG_ANALYZER_NONNULL = YES;
				CLANG_ANALYZER_NUMBER_OBJECT_CONVERSION = YES_AGGRESSIVE;
				CLANG_CXX_LANGUAGE_STANDARD = "gnu++20";
				CLANG_ENABLE_MODULES = YES;
				CLANG_ENABLE_OBJC_ARC = YES;
				CLANG_ENABLE_OBJC_WEAK = YES;
				CLANG_WARN_BLOCK_CAPTURE_AUTORELEASING = YES;
				CLANG_WARN_BOOL_CONVERSION = YES;
				CLANG_WARN_COMMA = YES;
				CLANG_WARN_CONSTANT_CONVERSION = YES;
				CLANG_WARN_DEPRECATED_OBJC_IMPLEMENTATIONS = YES;
				CLANG_WARN_DIRECT_OBJC_ISA_USAGE = YES_ERROR;
				CLANG_WARN_DOCUMENTATION_COMMENTS = YES;
				CLANG_WARN_EMPTY_BODY = YES;
				CLANG_WARN_ENUM_CONVERSION = YES;
				CLANG_WARN_INFINITE_RECURSION = YES;
				CLANG_WARN_INT_CONVERSION = YES;
				CLANG_WARN_NON_LITERAL_NULL_CONVERSION = YES;
				CLANG_WARN_OBJC_IMPLICIT_RETAIN_SELF = YES;
				CLANG_WARN_OBJC_LITERAL_CONVERSION = YES;
				CLANG_WARN_OBJC_ROOT_CLASS = YES_ERROR;
				CLANG_WARN_QUOTED_INCLUDE_IN_FRAMEWORK_HEADER = YES;
				CLANG_WARN_RANGE_LOOP_ANALYSIS = YES;
				CLANG_WARN_STRICT_PROTOTYPES = YES;
				CLANG_WARN_SUSPICIOUS_MOVE = YES;
				CLANG_WARN_UNGUARDED_AVAILABILITY = YES_AGGRESSIVE;
				CLANG_WARN_UNREACHABLE_CODE = YES;
				CLANG_WARN__DUPLICATE_METHOD_MATCH = YES;
				COPY_PHASE_STRIP = NO;
				DEBUG_INFORMATION_FORMAT = dwarf;
				ENABLE_STRICT_OBJC_MSGSEND = YES;
				ENABLE_TESTABILITY = YES;
				ENABLE_USER_SCRIPT_SANDBOXING = YES;
				GCC_C_LANGUAGE_STANDARD = gnu17;
				GCC_DYNAMIC_NO_PIC = NO;
				GCC_NO_COMMON_BLOCKS = YES;
				GCC_OPTIMIZATION_LEVEL = 0;
				GCC_PREPROCESSOR_DEFINITIONS = (
					"DEBUG=1",
					"$(inherited)",
				);
				GCC_WARN_64_TO_32_BIT_CONVERSION = YES;
				GCC_WARN_ABOUT_RETURN_TYPE = YES_ERROR;
				GCC_WARN_UNDECLARED_SELECTOR = YES;
				GCC_WARN_UNINITIALIZED_AUTOS = YES_AGGRESSIVE;
				GCC_WARN_UNUSED_FUNCTION = YES;
				GCC_WARN_UNUSED_VARIABLE = YES;
				IPHONEOS_DEPLOYMENT_TARGET = 17.4;
				LOCALIZATION_PREFERS_STRING_CATALOGS = YES;
				MTL_ENABLE_DEBUG_INFO = INCLUDE_SOURCE;
				MTL_FAST_MATH = YES;
				ONLY_ACTIVE_ARCH = YES;
				SDKROOT = iphoneos;
				SWIFT_ACTIVE_COMPILATION_CONDITIONS = "DEBUG $(inherited)";
				SWIFT_OPTIMIZATION_LEVEL = "-Onone";
			};
			name = Debug;
		};
		6A99AD3B2B9FB55000C9CFC7 /* Release */ = {
			isa = XCBuildConfiguration;
			buildSettings = {
				ALWAYS_SEARCH_USER_PATHS = NO;
				ASSETCATALOG_COMPILER_GENERATE_SWIFT_ASSET_SYMBOL_EXTENSIONS = YES;
				CLANG_ANALYZER_NONNULL = YES;
				CLANG_ANALYZER_NUMBER_OBJECT_CONVERSION = YES_AGGRESSIVE;
				CLANG_CXX_LANGUAGE_STANDARD = "gnu++20";
				CLANG_ENABLE_MODULES = YES;
				CLANG_ENABLE_OBJC_ARC = YES;
				CLANG_ENABLE_OBJC_WEAK = YES;
				CLANG_WARN_BLOCK_CAPTURE_AUTORELEASING = YES;
				CLANG_WARN_BOOL_CONVERSION = YES;
				CLANG_WARN_COMMA = YES;
				CLANG_WARN_CONSTANT_CONVERSION = YES;
				CLANG_WARN_DEPRECATED_OBJC_IMPLEMENTATIONS = YES;
				CLANG_WARN_DIRECT_OBJC_ISA_USAGE = YES_ERROR;
				CLANG_WARN_DOCUMENTATION_COMMENTS = YES;
				CLANG_WARN_EMPTY_BODY = YES;
				CLANG_WARN_ENUM_CONVERSION = YES;
				CLANG_WARN_INFINITE_RECURSION = YES;
				CLANG_WARN_INT_CONVERSION = YES;
				CLANG_WARN_NON_LITERAL_NULL_CONVERSION = YES;
				CLANG_WARN_OBJC_IMPLICIT_RETAIN_SELF = YES;
				CLANG_WARN_OBJC_LITERAL_CONVERSION = YES;
				CLANG_WARN_OBJC_ROOT_CLASS = YES_ERROR;
				CLANG_WARN_QUOTED_INCLUDE_IN_FRAMEWORK_HEADER = YES;
				CLANG_WARN_RANGE_LOOP_ANALYSIS = YES;
				CLANG_WARN_STRICT_PROTOTYPES = YES;
				CLANG_WARN_SUSPICIOUS_MOVE = YES;
				CLANG_WARN_UNGUARDED_AVAILABILITY = YES_AGGRESSIVE;
				CLANG_WARN_UNREACHABLE_CODE = YES;
				CLANG_WARN__DUPLICATE_METHOD_MATCH = YES;
				COPY_PHASE_STRIP = NO;
				DEBUG_INFORMATION_FORMAT = "dwarf-with-dsym";
				ENABLE_NS_ASSERTIONS = NO;
				ENABLE_STRICT_OBJC_MSGSEND = YES;
				ENABLE_USER_SCRIPT_SANDBOXING = YES;
				GCC_C_LANGUAGE_STANDARD = gnu17;
				GCC_NO_COMMON_BLOCKS = YES;
				GCC_WARN_64_TO_32_BIT_CONVERSION = YES;
				GCC_WARN_ABOUT_RETURN_TYPE = YES_ERROR;
				GCC_WARN_UNDECLARED_SELECTOR = YES;
				GCC_WARN_UNINITIALIZED_AUTOS = YES_AGGRESSIVE;
				GCC_WARN_UNUSED_FUNCTION = YES;
				GCC_WARN_UNUSED_VARIABLE = YES;
				IPHONEOS_DEPLOYMENT_TARGET = 17.4;
				LOCALIZATION_PREFERS_STRING_CATALOGS = YES;
				MTL_ENABLE_DEBUG_INFO = NO;
				MTL_FAST_MATH = YES;
				SDKROOT = iphoneos;
				SWIFT_COMPILATION_MODE = wholemodule;
				VALIDATE_PRODUCT = YES;
			};
			name = Release;
		};
		6A99AD3D2B9FB55000C9CFC7 /* Debug */ = {
			isa = XCBuildConfiguration;
			buildSettings = {
				ASSETCATALOG_COMPILER_APPICON_NAME = AppIcon;
				ASSETCATALOG_COMPILER_GLOBAL_ACCENT_COLOR_NAME = AccentColor;
				CODE_SIGN_STYLE = Automatic;
				CURRENT_PROJECT_VERSION = 1;
				DEVELOPMENT_TEAM = D2XWQ68J4V;
				GENERATE_INFOPLIST_FILE = YES;
				INFOPLIST_FILE = "Movie Searcher/Info.plist";
				INFOPLIST_KEY_UIApplicationSupportsIndirectInputEvents = YES;
				INFOPLIST_KEY_UILaunchStoryboardName = LaunchScreen;
				INFOPLIST_KEY_UIMainStoryboardFile = Main;
				INFOPLIST_KEY_UISupportedInterfaceOrientations_iPad = "UIInterfaceOrientationPortrait UIInterfaceOrientationPortraitUpsideDown UIInterfaceOrientationLandscapeLeft UIInterfaceOrientationLandscapeRight";
				INFOPLIST_KEY_UISupportedInterfaceOrientations_iPhone = "UIInterfaceOrientationPortrait UIInterfaceOrientationLandscapeLeft UIInterfaceOrientationLandscapeRight";
				LD_RUNPATH_SEARCH_PATHS = (
					"$(inherited)",
					"@executable_path/Frameworks",
				);
				MARKETING_VERSION = 1.0;
				PRODUCT_BUNDLE_IDENTIFIER = "com.warat.Movie-Searcher";
				PRODUCT_NAME = "$(TARGET_NAME)";
				SWIFT_EMIT_LOC_STRINGS = YES;
				SWIFT_VERSION = 5.0;
				TARGETED_DEVICE_FAMILY = "1,2";
			};
			name = Debug;
		};
		6A99AD3E2B9FB55000C9CFC7 /* Release */ = {
			isa = XCBuildConfiguration;
			buildSettings = {
				ASSETCATALOG_COMPILER_APPICON_NAME = AppIcon;
				ASSETCATALOG_COMPILER_GLOBAL_ACCENT_COLOR_NAME = AccentColor;
				CODE_SIGN_STYLE = Automatic;
				CURRENT_PROJECT_VERSION = 1;
				DEVELOPMENT_TEAM = D2XWQ68J4V;
				GENERATE_INFOPLIST_FILE = YES;
				INFOPLIST_FILE = "Movie Searcher/Info.plist";
				INFOPLIST_KEY_UIApplicationSupportsIndirectInputEvents = YES;
				INFOPLIST_KEY_UILaunchStoryboardName = LaunchScreen;
				INFOPLIST_KEY_UIMainStoryboardFile = Main;
				INFOPLIST_KEY_UISupportedInterfaceOrientations_iPad = "UIInterfaceOrientationPortrait UIInterfaceOrientationPortraitUpsideDown UIInterfaceOrientationLandscapeLeft UIInterfaceOrientationLandscapeRight";
				INFOPLIST_KEY_UISupportedInterfaceOrientations_iPhone = "UIInterfaceOrientationPortrait UIInterfaceOrientationLandscapeLeft UIInterfaceOrientationLandscapeRight";
				LD_RUNPATH_SEARCH_PATHS = (
					"$(inherited)",
					"@executable_path/Frameworks",
				);
				MARKETING_VERSION = 1.0;
				PRODUCT_BUNDLE_IDENTIFIER = "com.warat.Movie-Searcher";
				PRODUCT_NAME = "$(TARGET_NAME)";
				SWIFT_EMIT_LOC_STRINGS = YES;
				SWIFT_VERSION = 5.0;
				TARGETED_DEVICE_FAMILY = "1,2";
			};
			name = Release;
		};
/* End XCBuildConfiguration section */

/* Begin XCConfigurationList section */
		6A99AD232B9FB54E00C9CFC7 /* Build configuration list for PBXProject "Movie Searcher" */ = {
			isa = XCConfigurationList;
			buildConfigurations = (
				6A99AD3A2B9FB55000C9CFC7 /* Debug */,
				6A99AD3B2B9FB55000C9CFC7 /* Release */,
			);
			defaultConfigurationIsVisible = 0;
			defaultConfigurationName = Release;
		};
		6A99AD3C2B9FB55000C9CFC7 /* Build configuration list for PBXNativeTarget "Movie Searcher" */ = {
			isa = XCConfigurationList;
			buildConfigurations = (
				6A99AD3D2B9FB55000C9CFC7 /* Debug */,
				6A99AD3E2B9FB55000C9CFC7 /* Release */,
			);
			defaultConfigurationIsVisible = 0;
			defaultConfigurationName = Release;
		};
/* End XCConfigurationList section */
	};
	rootObject = 6A99AD202B9FB54E00C9CFC7 /* Project object */;
}
